
Microsoft Visual Studio Solution File, Format Version 12.00
# Visual Studio Version 17
VisualStudioVersion = 17.4.33110.190
MinimumVisualStudioVersion = 10.0.40219.1
Project("{2150E333-8FDC-42A3-9474-1A3956D46DE8}") = "Microservices", "Microservices", "{0D1E50AE-CA18-4211-B7AB-CD240EE52F04}"
EndProject
Project("{FAE04EC0-301F-11D3-BF4B-00C04F79EFBC}") = "CustomerWebApi", "CustomerWebApi\CustomerWebApi.csproj", "{DC0D3FF7-CABB-449A-8721-3F7553248CDC}"
EndProject
Project("{E53339B2-1760-4266-BCC7-CA923CBCF16C}") = "docker-compose", "docker-compose.dcproj", "{73BAD49E-1CD5-42B3-B2C9-306C73C3EF4C}"
EndProject
Global
	GlobalSection(SolutionConfigurationPlatforms) = preSolution
		Debug|Any CPU = Debug|Any CPU
		Release|Any CPU = Release|Any CPU
	EndGlobalSection
	GlobalSection(ProjectConfigurationPlatforms) = postSolution
		{DC0D3FF7-CABB-449A-8721-3F7553248CDC}.Debug|Any CPU.ActiveCfg = Debug|Any CPU
		{DC0D3FF7-CABB-449A-8721-3F7553248CDC}.Debug|Any CPU.Build.0 = Debug|Any CPU
		{DC0D3FF7-CABB-449A-8721-3F7553248CDC}.Release|Any CPU.ActiveCfg = Release|Any CPU
		{DC0D3FF7-CABB-449A-8721-3F7553248CDC}.Release|Any CPU.Build.0 = Release|Any CPU
		{73BAD49E-1CD5-42B3-B2C9-306C73C3EF4C}.Debug|Any CPU.ActiveCfg = Debug|Any CPU
		{73BAD49E-1CD5-42B3-B2C9-306C73C3EF4C}.Debug|Any CPU.Build.0 = Debug|Any CPU
		{73BAD49E-1CD5-42B3-B2C9-306C73C3EF4C}.Release|Any CPU.ActiveCfg = Release|Any CPU
		{73BAD49E-1CD5-42B3-B2C9-306C73C3EF4C}.Release|Any CPU.Build.0 = Release|Any CPU
	EndGlobalSection
	GlobalSection(SolutionProperties) = preSolution
		HideSolutionNode = FALSE
	EndGlobalSection
	GlobalSection(NestedProjects) = preSolution
		{DC0D3FF7-CABB-449A-8721-3F7553248CDC} = {0D1E50AE-CA18-4211-B7AB-CD240EE52F04}
	EndGlobalSection
	GlobalSection(ExtensibilityGlobals) = postSolution
		SolutionGuid = {67729B24-1B81-4F7A-905F-7772C0EAB1CF}
	EndGlobalSection
EndGlobal
